
Microsoft Visual Studio Solution File, Format Version 12.00
# Visual Studio 2013
Project("{FAE04EC0-301F-11D3-BF4B-00C04F79EFBC}") = "OrderManagerPrototype", "OrderManagerPrototype\OrderManagerPrototype.csproj", "{67a14449-2477-4a77-a6be-aafd7c493f2e}"
EndProject
Global
	GlobalSection(SolutionConfigurationPlatforms) = preSolution
		Debug|Any CPU = Debug|Any CPU
		Release|Any CPU = Release|Any CPU
	EndGlobalSection
	GlobalSection(ProjectConfigurationPlatforms) = postSolution
		{67A14449-2477-4A77-A6BE-AAFD7C493F2E}.Debug|Any CPU.ActiveCfg = Debug|Any CPU
		{67A14449-2477-4A77-A6BE-AAFD7C493F2E}.Debug|Any CPU.Build.0 = Debug|Any CPU
		{67A14449-2477-4A77-A6BE-AAFD7C493F2E}.Release|Any CPU.ActiveCfg = Release|Any CPU
		{67A14449-2477-4A77-A6BE-AAFD7C493F2E}.Release|Any CPU.Build.0 = Release|Any CPU
	EndGlobalSection
EndGlobal
